
Microsoft Visual Studio Solution File, Format Version 12.00
# Visual Studio 15
VisualStudioVersion = 15.0.28307.1340
MinimumVisualStudioVersion = 10.0.40219.1
Project("{FAE04EC0-301F-11D3-BF4B-00C04F79EFBC}") = "V-Mart", "V-Mart\V-Mart.csproj", "{F2384CBA-32E1-44B9-9996-F40742A2835C}"
EndProject
Global
	GlobalSection(SolutionConfigurationPlatforms) = preSolution
		Debug|Any CPU = Debug|Any CPU
		Release|Any CPU = Release|Any CPU
	EndGlobalSection
	GlobalSection(ProjectConfigurationPlatforms) = postSolution
		{F2384CBA-32E1-44B9-9996-F40742A2835C}.Debug|Any CPU.ActiveCfg = Debug|Any CPU
		{F2384CBA-32E1-44B9-9996-F40742A2835C}.Debug|Any CPU.Build.0 = Debug|Any CPU
		{F2384CBA-32E1-44B9-9996-F40742A2835C}.Release|Any CPU.ActiveCfg = Release|Any CPU
		{F2384CBA-32E1-44B9-9996-F40742A2835C}.Release|Any CPU.Build.0 = Release|Any CPU
	EndGlobalSection
	GlobalSection(SolutionProperties) = preSolution
		HideSolutionNode = FALSE
	EndGlobalSection
	GlobalSection(ExtensibilityGlobals) = postSolution
		SolutionGuid = {5A9A2478-7E90-4150-863F-2CE16246F5B0}
	EndGlobalSection
EndGlobal
